
Microsoft Visual Studio Solution File, Format Version 12.00
# Visual Studio Version 17
VisualStudioVersion = 17.3.32825.248
MinimumVisualStudioVersion = 10.0.40219.1
Project("{888888A0-9F3D-457C-B088-3A5042F75D52}") = "FitnessApp", "FitnessApp.pyproj", "{B0D04E07-300D-4C66-A568-D1B4E9AE9AC7}"
EndProject
Global
	GlobalSection(SolutionConfigurationPlatforms) = preSolution
		Debug|Any CPU = Debug|Any CPU
		Release|Any CPU = Release|Any CPU
	EndGlobalSection
	GlobalSection(ProjectConfigurationPlatforms) = postSolution
		{B0D04E07-300D-4C66-A568-D1B4E9AE9AC7}.Debug|Any CPU.ActiveCfg = Debug|Any CPU
		{B0D04E07-300D-4C66-A568-D1B4E9AE9AC7}.Release|Any CPU.ActiveCfg = Release|Any CPU
	EndGlobalSection
	GlobalSection(SolutionProperties) = preSolution
		HideSolutionNode = FALSE
	EndGlobalSection
	GlobalSection(ExtensibilityGlobals) = postSolution
		SolutionGuid = {646A9D98-26AD-4887-B55E-AD387F3DEF16}
	EndGlobalSection
EndGlobal
